// !$*UTF8*$!
{
	archiveVersion = 1;
	classes = {
	};
	objectVersion = 46;
	objects = {

/* Begin PBXBuildFile section */
		3D0B2F891EFF392000737354 /* SpendingKind.cpp in Sources */ = {isa = PBXBuildFile; fileRef = 3D0B2F871EFF392000737354 /* SpendingKind.cpp */; };
		3D0B2F8C1F03CA5C00737354 /* PcBillParser.cpp in Sources */ = {isa = PBXBuildFile; fileRef = 3D0B2F8A1F03CA5C00737354 /* PcBillParser.cpp */; };
		3D0B2F8F1F03CDC900737354 /* CibcVisaBillParser.cpp in Sources */ = {isa = PBXBuildFile; fileRef = 3D0B2F8D1F03CDC900737354 /* CibcVisaBillParser.cpp */; };
		3D0B2F921F07D9F000737354 /* SpendingCategorizer.cpp in Sources */ = {isa = PBXBuildFile; fileRef = 3D0B2F901F07D9F000737354 /* SpendingCategorizer.cpp */; };
		3DCB31751EF89FFF002FB8F2 /* main.cpp in Sources */ = {isa = PBXBuildFile; fileRef = 3DCB31741EF89FFF002FB8F2 /* main.cpp */; };
		3DCB317D1EF8A07B002FB8F2 /* SpendingEntry.cpp in Sources */ = {isa = PBXBuildFile; fileRef = 3DCB317B1EF8A07B002FB8F2 /* SpendingEntry.cpp */; };
		3DCB31801EF8A284002FB8F2 /* BillParser.cpp in Sources */ = {isa = PBXBuildFile; fileRef = 3DCB317E1EF8A284002FB8F2 /* BillParser.cpp */; };
		3DCB31831EF8A55A002FB8F2 /* Utility.cpp in Sources */ = {isa = PBXBuildFile; fileRef = 3DCB31811EF8A55A002FB8F2 /* Utility.cpp */; };
/* End PBXBuildFile section */

/* Begin PBXCopyFilesBuildPhase section */
		3DCB316F1EF89FFF002FB8F2 /* CopyFiles */ = {
			isa = PBXCopyFilesBuildPhase;
			buildActionMask = 2147483647;
			dstPath = /usr/share/man/man1/;
			dstSubfolderSpec = 0;
			files = (
			);
			runOnlyForDeploymentPostprocessing = 1;
		};
/* End PBXCopyFilesBuildPhase section */

/* Begin PBXFileReference section */
		3D0B2F871EFF392000737354 /* SpendingKind.cpp */ = {isa = PBXFileReference; fileEncoding = 4; lastKnownFileType = sourcecode.cpp.cpp; path = SpendingKind.cpp; sourceTree = "<group>"; };
		3D0B2F881EFF392000737354 /* SpendingKind.hpp */ = {isa = PBXFileReference; fileEncoding = 4; lastKnownFileType = sourcecode.cpp.h; path = SpendingKind.hpp; sourceTree = "<group>"; };
		3D0B2F8A1F03CA5C00737354 /* PcBillParser.cpp */ = {isa = PBXFileReference; fileEncoding = 4; lastKnownFileType = sourcecode.cpp.cpp; path = PcBillParser.cpp; sourceTree = "<group>"; };
		3D0B2F8B1F03CA5C00737354 /* PcBillParser.hpp */ = {isa = PBXFileReference; fileEncoding = 4; lastKnownFileType = sourcecode.cpp.h; path = PcBillParser.hpp; sourceTree = "<group>"; };
		3D0B2F8D1F03CDC900737354 /* CibcVisaBillParser.cpp */ = {isa = PBXFileReference; fileEncoding = 4; lastKnownFileType = sourcecode.cpp.cpp; path = CibcVisaBillParser.cpp; sourceTree = "<group>"; };
		3D0B2F8E1F03CDC900737354 /* CibcVisaBillParser.hpp */ = {isa = PBXFileReference; fileEncoding = 4; lastKnownFileType = sourcecode.cpp.h; path = CibcVisaBillParser.hpp; sourceTree = "<group>"; };
		3D0B2F901F07D9F000737354 /* SpendingCategorizer.cpp */ = {isa = PBXFileReference; fileEncoding = 4; lastKnownFileType = sourcecode.cpp.cpp; path = SpendingCategorizer.cpp; sourceTree = "<group>"; };
		3D0B2F911F07D9F000737354 /* SpendingCategorizer.hpp */ = {isa = PBXFileReference; fileEncoding = 4; lastKnownFileType = sourcecode.cpp.h; path = SpendingCategorizer.hpp; sourceTree = "<group>"; };
		3DCB31711EF89FFF002FB8F2 /* BillParser */ = {isa = PBXFileReference; explicitFileType = "compiled.mach-o.executable"; includeInIndex = 0; path = BillParser; sourceTree = BUILT_PRODUCTS_DIR; };
		3DCB31741EF89FFF002FB8F2 /* main.cpp */ = {isa = PBXFileReference; lastKnownFileType = sourcecode.cpp.cpp; path = main.cpp; sourceTree = "<group>"; };
		3DCB317B1EF8A07B002FB8F2 /* SpendingEntry.cpp */ = {isa = PBXFileReference; fileEncoding = 4; lastKnownFileType = sourcecode.cpp.cpp; path = SpendingEntry.cpp; sourceTree = "<group>"; };
		3DCB317C1EF8A07B002FB8F2 /* SpendingEntry.hpp */ = {isa = PBXFileReference; fileEncoding = 4; lastKnownFileType = sourcecode.cpp.h; path = SpendingEntry.hpp; sourceTree = "<group>"; };
		3DCB317E1EF8A284002FB8F2 /* BillParser.cpp */ = {isa = PBXFileReference; fileEncoding = 4; lastKnownFileType = sourcecode.cpp.cpp; path = BillParser.cpp; sourceTree = "<group>"; };
		3DCB317F1EF8A284002FB8F2 /* BillParser.hpp */ = {isa = PBXFileReference; fileEncoding = 4; lastKnownFileType = sourcecode.cpp.h; path = BillParser.hpp; sourceTree = "<group>"; };
		3DCB31811EF8A55A002FB8F2 /* Utility.cpp */ = {isa = PBXFileReference; fileEncoding = 4; lastKnownFileType = sourcecode.cpp.cpp; path = Utility.cpp; sourceTree = "<group>"; };
		3DCB31821EF8A55A002FB8F2 /* Utility.hpp */ = {isa = PBXFileReference; fileEncoding = 4; lastKnownFileType = sourcecode.cpp.h; path = Utility.hpp; sourceTree = "<group>"; };
/* End PBXFileReference section */

/* Begin PBXFrameworksBuildPhase section */
		3DCB316E1EF89FFF002FB8F2 /* Frameworks */ = {
			isa = PBXFrameworksBuildPhase;
			buildActionMask = 2147483647;
			files = (
			);
			runOnlyForDeploymentPostprocessing = 0;
		};
/* End PBXFrameworksBuildPhase section */

/* Begin PBXGroup section */
		3DCB31681EF89FFF002FB8F2 = {
			isa = PBXGroup;
			children = (
				3DCB31731EF89FFF002FB8F2 /* BillParser */,
				3DCB31721EF89FFF002FB8F2 /* Products */,
			);
			sourceTree = "<group>";
		};
		3DCB31721EF89FFF002FB8F2 /* Products */ = {
			isa = PBXGroup;
			children = (
				3DCB31711EF89FFF002FB8F2 /* BillParser */,
			);
			name = Products;
			sourceTree = "<group>";
		};
		3DCB31731EF89FFF002FB8F2 /* BillParser */ = {
			isa = PBXGroup;
			children = (
				3DCB317E1EF8A284002FB8F2 /* BillParser.cpp */,
				3DCB317F1EF8A284002FB8F2 /* BillParser.hpp */,
				3D0B2F8D1F03CDC900737354 /* CibcVisaBillParser.cpp */,
				3D0B2F8E1F03CDC900737354 /* CibcVisaBillParser.hpp */,
				3DCB31741EF89FFF002FB8F2 /* main.cpp */,
				3D0B2F8A1F03CA5C00737354 /* PcBillParser.cpp */,
				3D0B2F8B1F03CA5C00737354 /* PcBillParser.hpp */,
				3DCB317B1EF8A07B002FB8F2 /* SpendingEntry.cpp */,
				3DCB317C1EF8A07B002FB8F2 /* SpendingEntry.hpp */,
				3D0B2F871EFF392000737354 /* SpendingKind.cpp */,
				3D0B2F881EFF392000737354 /* SpendingKind.hpp */,
				3DCB31811EF8A55A002FB8F2 /* Utility.cpp */,
				3DCB31821EF8A55A002FB8F2 /* Utility.hpp */,
				3D0B2F901F07D9F000737354 /* SpendingCategorizer.cpp */,
				3D0B2F911F07D9F000737354 /* SpendingCategorizer.hpp */,
			);
			path = BillParser;
			sourceTree = "<group>";
		};
/* End PBXGroup section */

/* Begin PBXNativeTarget section */
		3DCB31701EF89FFF002FB8F2 /* BillParser */ = {
			isa = PBXNativeTarget;
			buildConfigurationList = 3DCB31781EF89FFF002FB8F2 /* Build configuration list for PBXNativeTarget "BillParser" */;
			buildPhases = (
				3DCB316D1EF89FFF002FB8F2 /* Sources */,
				3DCB316E1EF89FFF002FB8F2 /* Frameworks */,
				3DCB316F1EF89FFF002FB8F2 /* CopyFiles */,
			);
			buildRules = (
			);
			dependencies = (
			);
			name = BillParser;
			productName = BillParser;
			productReference = 3DCB31711EF89FFF002FB8F2 /* BillParser */;
			productType = "com.apple.product-type.tool";
		};
/* End PBXNativeTarget section */

/* Begin PBXProject section */
		3DCB31691EF89FFF002FB8F2 /* Project object */ = {
			isa = PBXProject;
			attributes = {
				LastUpgradeCheck = 0720;
				ORGANIZATIONNAME = Ling;
				TargetAttributes = {
					3DCB31701EF89FFF002FB8F2 = {
						CreatedOnToolsVersion = 7.2.1;
					};
				};
			};
			buildConfigurationList = 3DCB316C1EF89FFF002FB8F2 /* Build configuration list for PBXProject "BillParser" */;
			compatibilityVersion = "Xcode 3.2";
			developmentRegion = English;
			hasScannedForEncodings = 0;
			knownRegions = (
				en,
			);
			mainGroup = 3DCB31681EF89FFF002FB8F2;
			productRefGroup = 3DCB31721EF89FFF002FB8F2 /* Products */;
			projectDirPath = "";
			projectRoot = "";
			targets = (
				3DCB31701EF89FFF002FB8F2 /* BillParser */,
			);
		};
/* End PBXProject section */

/* Begin PBXSourcesBuildPhase section */
		3DCB316D1EF89FFF002FB8F2 /* Sources */ = {
			isa = PBXSourcesBuildPhase;
			buildActionMask = 2147483647;
			files = (
				3DCB31831EF8A55A002FB8F2 /* Utility.cpp in Sources */,
				3D0B2F8C1F03CA5C00737354 /* PcBillParser.cpp in Sources */,
				3DCB317D1EF8A07B002FB8F2 /* SpendingEntry.cpp in Sources */,
				3DCB31801EF8A284002FB8F2 /* BillParser.cpp in Sources */,
				3D0B2F891EFF392000737354 /* SpendingKind.cpp in Sources */,
				3DCB31751EF89FFF002FB8F2 /* main.cpp in Sources */,
				3D0B2F8F1F03CDC900737354 /* CibcVisaBillParser.cpp in Sources */,
				3D0B2F921F07D9F000737354 /* SpendingCategorizer.cpp in Sources */,
			);
			runOnlyForDeploymentPostprocessing = 0;
		};
/* End PBXSourcesBuildPhase section */

/* Begin XCBuildConfiguration section */
		3DCB31761EF89FFF002FB8F2 /* Debug */ = {
			isa = XCBuildConfiguration;
			buildSettings = {
				ALWAYS_SEARCH_USER_PATHS = NO;
				CLANG_CXX_LANGUAGE_STANDARD = "gnu++0x";
				CLANG_CXX_LIBRARY = "libc++";
				CLANG_ENABLE_MODULES = YES;
				CLANG_ENABLE_OBJC_ARC = YES;
				CLANG_WARN_BOOL_CONVERSION = YES;
				CLANG_WARN_CONSTANT_CONVERSION = YES;
				CLANG_WARN_DIRECT_OBJC_ISA_USAGE = YES_ERROR;
				CLANG_WARN_EMPTY_BODY = YES;
				CLANG_WARN_ENUM_CONVERSION = YES;
				CLANG_WARN_INT_CONVERSION = YES;
				CLANG_WARN_OBJC_ROOT_CLASS = YES_ERROR;
				CLANG_WARN_UNREACHABLE_CODE = YES;
				CLANG_WARN__DUPLICATE_METHOD_MATCH = YES;
				CODE_SIGN_IDENTITY = "-";
				COPY_PHASE_STRIP = NO;
				DEBUG_INFORMATION_FORMAT = dwarf;
				ENABLE_STRICT_OBJC_MSGSEND = YES;
				ENABLE_TESTABILITY = YES;
				GCC_C_LANGUAGE_STANDARD = gnu99;
				GCC_DYNAMIC_NO_PIC = NO;
				GCC_NO_COMMON_BLOCKS = YES;
				GCC_OPTIMIZATION_LEVEL = 0;
				GCC_PREPROCESSOR_DEFINITIONS = (
					"DEBUG=1",
					"$(inherited)",
				);
				GCC_WARN_64_TO_32_BIT_CONVERSION = YES;
				GCC_WARN_ABOUT_RETURN_TYPE = YES_ERROR;
				GCC_WARN_UNDECLARED_SELECTOR = YES;
				GCC_WARN_UNINITIALIZED_AUTOS = YES_AGGRESSIVE;
				GCC_WARN_UNUSED_FUNCTION = YES;
				GCC_WARN_UNUSED_VARIABLE = YES;
				MACOSX_DEPLOYMENT_TARGET = 10.11;
				MTL_ENABLE_DEBUG_INFO = YES;
				ONLY_ACTIVE_ARCH = YES;
				SDKROOT = macosx;
			};
			name = Debug;
		};
		3DCB31771EF89FFF002FB8F2 /* Release */ = {
			isa = XCBuildConfiguration;
			buildSettings = {
				ALWAYS_SEARCH_USER_PATHS = NO;
				CLANG_CXX_LANGUAGE_STANDARD = "gnu++0x";
				CLANG_CXX_LIBRARY = "libc++";
				CLANG_ENABLE_MODULES = YES;
				CLANG_ENABLE_OBJC_ARC = YES;
				CLANG_WARN_BOOL_CONVERSION = YES;
				CLANG_WARN_CONSTANT_CONVERSION = YES;
				CLANG_WARN_DIRECT_OBJC_ISA_USAGE = YES_ERROR;
				CLANG_WARN_EMPTY_BODY = YES;
				CLANG_WARN_ENUM_CONVERSION = YES;
				CLANG_WARN_INT_CONVERSION = YES;
				CLANG_WARN_OBJC_ROOT_CLASS = YES_ERROR;
				CLANG_WARN_UNREACHABLE_CODE = YES;
				CLANG_WARN__DUPLICATE_METHOD_MATCH = YES;
				CODE_SIGN_IDENTITY = "-";
				COPY_PHASE_STRIP = NO;
				DEBUG_INFORMATION_FORMAT = "dwarf-with-dsym";
				ENABLE_NS_ASSERTIONS = NO;
				ENABLE_STRICT_OBJC_MSGSEND = YES;
				GCC_C_LANGUAGE_STANDARD = gnu99;
				GCC_NO_COMMON_BLOCKS = YES;
				GCC_WARN_64_TO_32_BIT_CONVERSION = YES;
				GCC_WARN_ABOUT_RETURN_TYPE = YES_ERROR;
				GCC_WARN_UNDECLARED_SELECTOR = YES;
				GCC_WARN_UNINITIALIZED_AUTOS = YES_AGGRESSIVE;
				GCC_WARN_UNUSED_FUNCTION = YES;
				GCC_WARN_UNUSED_VARIABLE = YES;
				MACOSX_DEPLOYMENT_TARGET = 10.11;
				MTL_ENABLE_DEBUG_INFO = NO;
				SDKROOT = macosx;
			};
			name = Release;
		};
		3DCB31791EF89FFF002FB8F2 /* Debug */ = {
			isa = XCBuildConfiguration;
			buildSettings = {
				PRODUCT_NAME = "$(TARGET_NAME)";
			};
			name = Debug;
		};
		3DCB317A1EF89FFF002FB8F2 /* Release */ = {
			isa = XCBuildConfiguration;
			buildSettings = {
				PRODUCT_NAME = "$(TARGET_NAME)";
			};
			name = Release;
		};
/* End XCBuildConfiguration section */

/* Begin XCConfigurationList section */
		3DCB316C1EF89FFF002FB8F2 /* Build configuration list for PBXProject "BillParser" */ = {
			isa = XCConfigurationList;
			buildConfigurations = (
				3DCB31761EF89FFF002FB8F2 /* Debug */,
				3DCB31771EF89FFF002FB8F2 /* Release */,
			);
			defaultConfigurationIsVisible = 0;
			defaultConfigurationName = Release;
		};
		3DCB31781EF89FFF002FB8F2 /* Build configuration list for PBXNativeTarget "BillParser" */ = {
			isa = XCConfigurationList;
			buildConfigurations = (
				3DCB31791EF89FFF002FB8F2 /* Debug */,
				3DCB317A1EF89FFF002FB8F2 /* Release */,
			);
			defaultConfigurationIsVisible = 0;
			defaultConfigurationName = Release;
		};
/* End XCConfigurationList section */
	};
	rootObject = 3DCB31691EF89FFF002FB8F2 /* Project object */;
}
